// !$*UTF8*$!
{
	archiveVersion = 1;
	classes = {
	};
	objectVersion = 46;
	objects = {

/* Begin PBXBuildFile section */
		04249AC91EB080010051454B /* SetEVViewController.swift in Sources */ = {isa = PBXBuildFile; fileRef = 04249AC81EB080010051454B /* SetEVViewController.swift */; };
		04249ACC1EB08A9A0051454B /* StartScanBLEViewController.swift in Sources */ = {isa = PBXBuildFile; fileRef = 04249ACB1EB08A9A0051454B /* StartScanBLEViewController.swift */; };
		04276A651EB8827900F224B7 /* BLEListTableViewCell.swift in Sources */ = {isa = PBXBuildFile; fileRef = 04276A631EB8827800F224B7 /* BLEListTableViewCell.swift */; };
		04276A661EB8827900F224B7 /* BLEListTableViewCell.xib in Resources */ = {isa = PBXBuildFile; fileRef = 04276A641EB8827800F224B7 /* BLEListTableViewCell.xib */; };
		04276A681EB904C900F224B7 /* BLEConnectViewController.swift in Sources */ = {isa = PBXBuildFile; fileRef = 04276A671EB904C900F224B7 /* BLEConnectViewController.swift */; };
		04276A6A1EB91B1A00F224B7 /* CBlueClass.swift in Sources */ = {isa = PBXBuildFile; fileRef = 04276A691EB91B1A00F224B7 /* CBlueClass.swift */; };
		04276A6C1EB979AF00F224B7 /* PowerGripStatusViewController.swift in Sources */ = {isa = PBXBuildFile; fileRef = 04276A6B1EB979AF00F224B7 /* PowerGripStatusViewController.swift */; };
		042B641E1EAF3FF000B2E1A8 /* settingViewController.swift in Sources */ = {isa = PBXBuildFile; fileRef = 042B641D1EAF3FF000B2E1A8 /* settingViewController.swift */; };
		042B64251EAFD1F100B2E1A8 /* MainSettingTableViewCell.swift in Sources */ = {isa = PBXBuildFile; fileRef = 042B64231EAFD1F000B2E1A8 /* MainSettingTableViewCell.swift */; };
		042B64261EAFD1F100B2E1A8 /* MainSettingTableViewCell.xib in Resources */ = {isa = PBXBuildFile; fileRef = 042B64241EAFD1F000B2E1A8 /* MainSettingTableViewCell.xib */; };
		042B64291EAFD2CD00B2E1A8 /* MainSettingTwoTableViewCell.swift in Sources */ = {isa = PBXBuildFile; fileRef = 042B64271EAFD2CD00B2E1A8 /* MainSettingTwoTableViewCell.swift */; };
		042B642A1EAFD2CD00B2E1A8 /* MainSettingTwoTableViewCell.xib in Resources */ = {isa = PBXBuildFile; fileRef = 042B64281EAFD2CD00B2E1A8 /* MainSettingTwoTableViewCell.xib */; };
		042B642D1EAFE25C00B2E1A8 /* ImageSizeTableViewCell.swift in Sources */ = {isa = PBXBuildFile; fileRef = 042B642B1EAFE25C00B2E1A8 /* ImageSizeTableViewCell.swift */; };
		042B642E1EAFE25C00B2E1A8 /* ImageSizeTableViewCell.xib in Resources */ = {isa = PBXBuildFile; fileRef = 042B642C1EAFE25C00B2E1A8 /* ImageSizeTableViewCell.xib */; };
		042B64311EAFE34A00B2E1A8 /* PowerControlTableViewCell.swift in Sources */ = {isa = PBXBuildFile; fileRef = 042B642F1EAFE34A00B2E1A8 /* PowerControlTableViewCell.swift */; };
		042B64321EAFE34A00B2E1A8 /* PowerControlTableViewCell.xib in Resources */ = {isa = PBXBuildFile; fileRef = 042B64301EAFE34A00B2E1A8 /* PowerControlTableViewCell.xib */; };
		044BF5051EBA89510031E92B /* FailToConnectViewController.swift in Sources */ = {isa = PBXBuildFile; fileRef = 044BF5041EBA89510031E92B /* FailToConnectViewController.swift */; };
		044BF5071EBA8CCC0031E92B /* FailToScanViewController.swift in Sources */ = {isa = PBXBuildFile; fileRef = 044BF5061EBA8CCC0031E92B /* FailToScanViewController.swift */; };
		0455AB171EAC95730087C14D /* senceViewController.swift in Sources */ = {isa = PBXBuildFile; fileRef = 0455AB151EAC95730087C14D /* senceViewController.swift */; };
		0455AB1B1EAC966A0087C14D /* senceTableViewCell.swift in Sources */ = {isa = PBXBuildFile; fileRef = 0455AB191EAC966A0087C14D /* senceTableViewCell.swift */; };
		0455AB1C1EAC966A0087C14D /* senceTableViewCell.xib in Resources */ = {isa = PBXBuildFile; fileRef = 0455AB1A1EAC966A0087C14D /* senceTableViewCell.xib */; };
		046C581A1EAD26C800192290 /* flashLightViewController.swift in Sources */ = {isa = PBXBuildFile; fileRef = 046C58191EAD26C800192290 /* flashLightViewController.swift */; };
		046C581D1EAD26F200192290 /* flashtLightTableViewCell.swift in Sources */ = {isa = PBXBuildFile; fileRef = 046C581B1EAD26F200192290 /* flashtLightTableViewCell.swift */; };
		046C581E1EAD26F200192290 /* flashtLightTableViewCell.xib in Resources */ = {isa = PBXBuildFile; fileRef = 046C581C1EAD26F200192290 /* flashtLightTableViewCell.xib */; };
		04823DF21EBB0F120024AE17 /* Bleprotoc.swift in Sources */ = {isa = PBXBuildFile; fileRef = 04823DF11EBB0F120024AE17 /* Bleprotoc.swift */; };
		0487AA371E8A3138009822EE /* AppDelegate.swift in Sources */ = {isa = PBXBuildFile; fileRef = 0487AA361E8A3138009822EE /* AppDelegate.swift */; };
		0487AA391E8A3138009822EE /* ViewController.swift in Sources */ = {isa = PBXBuildFile; fileRef = 0487AA381E8A3138009822EE /* ViewController.swift */; };
		0487AA3C1E8A3138009822EE /* Main.storyboard in Resources */ = {isa = PBXBuildFile; fileRef = 0487AA3A1E8A3138009822EE /* Main.storyboard */; };
		0487AA3E1E8A3138009822EE /* Assets.xcassets in Resources */ = {isa = PBXBuildFile; fileRef = 0487AA3D1E8A3138009822EE /* Assets.xcassets */; };
		0487AA411E8A3138009822EE /* LaunchScreen.storyboard in Resources */ = {isa = PBXBuildFile; fileRef = 0487AA3F1E8A3138009822EE /* LaunchScreen.storyboard */; };
		04C1E8681EB754DA00EE3299 /* GetBlueToothInfoViewController.swift in Sources */ = {isa = PBXBuildFile; fileRef = 04C1E8671EB754DA00EE3299 /* GetBlueToothInfoViewController.swift */; };
		04D03CBD1EB03CC50040C5B0 /* SenceFromSettingViewController.swift in Sources */ = {isa = PBXBuildFile; fileRef = 04D03CBC1EB03CC50040C5B0 /* SenceFromSettingViewController.swift */; };
		04D03CBF1EB04B770040C5B0 /* WhiteBalanceSettingViewController.swift in Sources */ = {isa = PBXBuildFile; fileRef = 04D03CBE1EB04B770040C5B0 /* WhiteBalanceSettingViewController.swift */; };
		04D03CC11EB0708F0040C5B0 /* ImageSizeViewController.swift in Sources */ = {isa = PBXBuildFile; fileRef = 04D03CC01EB0708F0040C5B0 /* ImageSizeViewController.swift */; };
		04D03CC41EB0712F0040C5B0 /* ImageSizeDetailTableViewCell.swift in Sources */ = {isa = PBXBuildFile; fileRef = 04D03CC21EB0712F0040C5B0 /* ImageSizeDetailTableViewCell.swift */; };
		04D03CC51EB0712F0040C5B0 /* ImageSizeDetailTableViewCell.xib in Resources */ = {isa = PBXBuildFile; fileRef = 04D03CC31EB0712F0040C5B0 /* ImageSizeDetailTableViewCell.xib */; };
		04D03CC71EB0789B0040C5B0 /* PowerControlViewController.swift in Sources */ = {isa = PBXBuildFile; fileRef = 04D03CC61EB0789B0040C5B0 /* PowerControlViewController.swift */; };
		6B196C5D1EE691EA00FB1CAA /* BleListNameTableViewCell.swift in Sources */ = {isa = PBXBuildFile; fileRef = 6B196C5B1EE691EA00FB1CAA /* BleListNameTableViewCell.swift */; };
		6B196C5E1EE691EA00FB1CAA /* BleListNameTableViewCell.xib in Resources */ = {isa = PBXBuildFile; fileRef = 6B196C5C1EE691EA00FB1CAA /* BleListNameTableViewCell.xib */; };
		6B196C601EE69FDF00FB1CAA /* FA00000-V17.zip in Resources */ = {isa = PBXBuildFile; fileRef = 6B196C5F1EE69FDF00FB1CAA /* FA00000-V17.zip */; };
		6B1CCF711ECAA5FD0067D4D3 /* updateFirmwareViewController.swift in Sources */ = {isa = PBXBuildFile; fileRef = 6B1CCF701ECAA5FD0067D4D3 /* updateFirmwareViewController.swift */; };
		6B21AFC11EF2AD8200F1EF87 /* FA00000-V18.zip in Resources */ = {isa = PBXBuildFile; fileRef = 6B21AFC01EF2AD8200F1EF87 /* FA00000-V18.zip */; };
		6B2F66ED1EC1F1ED003D775E /* CommProcess.m in Sources */ = {isa = PBXBuildFile; fileRef = 6B2F66E71EC1F1ED003D775E /* CommProcess.m */; };
		6B2F66EE1EC1F1ED003D775E /* FuelProtocol.m in Sources */ = {isa = PBXBuildFile; fileRef = 6B2F66E91EC1F1ED003D775E /* FuelProtocol.m */; };
		6B2F66EF1EC1F1ED003D775E /* Function.m in Sources */ = {isa = PBXBuildFile; fileRef = 6B2F66EB1EC1F1ED003D775E /* Function.m */; };
		6B2F66F01EC1F1ED003D775E /* MyBluetoothLE.m in Sources */ = {isa = PBXBuildFile; fileRef = 6B2F66EC1EC1F1ED003D775E /* MyBluetoothLE.m */; };
		6B2F66F41EC1F55C003D775E /* UserValue.swift in Sources */ = {isa = PBXBuildFile; fileRef = 6B2F66F31EC1F55C003D775E /* UserValue.swift */; };
		6B62AFF31ECAC9C2003D8D2B /* ImformationViewController.swift in Sources */ = {isa = PBXBuildFile; fileRef = 6B62AFF21ECAC9C2003D8D2B /* ImformationViewController.swift */; };
		6B62AFF51ECADEA0003D8D2B /* PrepareUpdateViewController.swift in Sources */ = {isa = PBXBuildFile; fileRef = 6B62AFF41ECADEA0003D8D2B /* PrepareUpdateViewController.swift */; };
		6B62AFF71ECAEBC9003D8D2B /* DFUViewController.swift in Sources */ = {isa = PBXBuildFile; fileRef = 6B62AFF61ECAEBC9003D8D2B /* DFUViewController.swift */; };
		6B62AFF91ECAFA8C003D8D2B /* FA00000-V16A.zip in Resources */ = {isa = PBXBuildFile; fileRef = 6B62AFF81ECAFA8C003D8D2B /* FA00000-V16A.zip */; };
		6B62AFFB1ECB37A6003D8D2B /* UpdateSuccessViewController.swift in Sources */ = {isa = PBXBuildFile; fileRef = 6B62AFFA1ECB37A6003D8D2B /* UpdateSuccessViewController.swift */; };
		6B62AFFD1ECB37BA003D8D2B /* UpdateFailViewController.swift in Sources */ = {isa = PBXBuildFile; fileRef = 6B62AFFC1ECB37BA003D8D2B /* UpdateFailViewController.swift */; };
		6B62AFFF1ECBFBBB003D8D2B /* GalleryViewController.swift in Sources */ = {isa = PBXBuildFile; fileRef = 6B62AFFE1ECBFBBB003D8D2B /* GalleryViewController.swift */; };
		6B8124F51EC59A4300A55421 /* BLEObject.swift in Sources */ = {isa = PBXBuildFile; fileRef = 6B8124F41EC59A4300A55421 /* BLEObject.swift */; };
		6B942F52200F962000982E78 /* GuideViewController.swift in Sources */ = {isa = PBXBuildFile; fileRef = 6B942F51200F962000982E78 /* GuideViewController.swift */; };
		6B942F55200F972200982E78 /* GuideCollectionViewCell.swift in Sources */ = {isa = PBXBuildFile; fileRef = 6B942F53200F972200982E78 /* GuideCollectionViewCell.swift */; };
		6B942F56200F972200982E78 /* GuideCollectionViewCell.xib in Resources */ = {isa = PBXBuildFile; fileRef = 6B942F54200F972200982E78 /* GuideCollectionViewCell.xib */; };
		6B942F58200F9C0600982E78 /* iOSDevCenters+GIF.swift in Sources */ = {isa = PBXBuildFile; fileRef = 6B942F57200F9C0600982E78 /* iOSDevCenters+GIF.swift */; };
		6B942F5D200F9D2400982E78 /* img_guide_horizontal_01.gif in Resources */ = {isa = PBXBuildFile; fileRef = 6B942F59200F9D2100982E78 /* img_guide_horizontal_01.gif */; };
		6B942F5E200F9D2400982E78 /* img_guide_01.gif in Resources */ = {isa = PBXBuildFile; fileRef = 6B942F5A200F9D2200982E78 /* img_guide_01.gif */; };
		6B942F5F200F9D2400982E78 /* img_guide_02.gif in Resources */ = {isa = PBXBuildFile; fileRef = 6B942F5B200F9D2300982E78 /* img_guide_02.gif */; };
		6B942F60200F9D2400982E78 /* img_guide_horizontal_02.gif in Resources */ = {isa = PBXBuildFile; fileRef = 6B942F5C200F9D2300982E78 /* img_guide_horizontal_02.gif */; };
		6BD8901B2042BBE4009242FD /* Localizable.strings in Resources */ = {isa = PBXBuildFile; fileRef = 6BD8901D2042BBE4009242FD /* Localizable.strings */; };
		C794DE56F095DD32F77F11B9 /* Pods_BT_DV_iOS.framework in Frameworks */ = {isa = PBXBuildFile; fileRef = 469EB96BD249CBBCAFA38A1C /* Pods_BT_DV_iOS.framework */; };
/* End PBXBuildFile section */

/* Begin PBXFileReference section */
		04249AC81EB080010051454B /* SetEVViewController.swift */ = {isa = PBXFileReference; fileEncoding = 4; lastKnownFileType = sourcecode.swift; path = SetEVViewController.swift; sourceTree = "<group>"; };
		04249ACB1EB08A9A0051454B /* StartScanBLEViewController.swift */ = {isa = PBXFileReference; fileEncoding = 4; lastKnownFileType = sourcecode.swift; path = StartScanBLEViewController.swift; sourceTree = "<group>"; };
		04276A631EB8827800F224B7 /* BLEListTableViewCell.swift */ = {isa = PBXFileReference; fileEncoding = 4; lastKnownFileType = sourcecode.swift; path = BLEListTableViewCell.swift; sourceTree = "<group>"; };
		04276A641EB8827800F224B7 /* BLEListTableViewCell.xib */ = {isa = PBXFileReference; fileEncoding = 4; lastKnownFileType = file.xib; path = BLEListTableViewCell.xib; sourceTree = "<group>"; };
		04276A671EB904C900F224B7 /* BLEConnectViewController.swift */ = {isa = PBXFileReference; fileEncoding = 4; lastKnownFileType = sourcecode.swift; path = BLEConnectViewController.swift; sourceTree = "<group>"; };
		04276A691EB91B1A00F224B7 /* CBlueClass.swift */ = {isa = PBXFileReference; fileEncoding = 4; lastKnownFileType = sourcecode.swift; path = CBlueClass.swift; sourceTree = "<group>"; };
		04276A6B1EB979AF00F224B7 /* PowerGripStatusViewController.swift */ = {isa = PBXFileReference; fileEncoding = 4; lastKnownFileType = sourcecode.swift; path = PowerGripStatusViewController.swift; sourceTree = "<group>"; };
		042B63F01EAD9D7700B2E1A8 /* BT_DV_iOS-Bridging-Header.h */ = {isa = PBXFileReference; lastKnownFileType = sourcecode.c.h; path = "BT_DV_iOS-Bridging-Header.h"; sourceTree = "<group>"; };
		042B641D1EAF3FF000B2E1A8 /* settingViewController.swift */ = {isa = PBXFileReference; fileEncoding = 4; lastKnownFileType = sourcecode.swift; path = settingViewController.swift; sourceTree = "<group>"; };
		042B64231EAFD1F000B2E1A8 /* MainSettingTableViewCell.swift */ = {isa = PBXFileReference; fileEncoding = 4; lastKnownFileType = sourcecode.swift; path = MainSettingTableViewCell.swift; sourceTree = "<group>"; };
		042B64241EAFD1F000B2E1A8 /* MainSettingTableViewCell.xib */ = {isa = PBXFileReference; fileEncoding = 4; lastKnownFileType = file.xib; path = MainSettingTableViewCell.xib; sourceTree = "<group>"; };
		042B64271EAFD2CD00B2E1A8 /* MainSettingTwoTableViewCell.swift */ = {isa = PBXFileReference; fileEncoding = 4; lastKnownFileType = sourcecode.swift; path = MainSettingTwoTableViewCell.swift; sourceTree = "<group>"; };
		042B64281EAFD2CD00B2E1A8 /* MainSettingTwoTableViewCell.xib */ = {isa = PBXFileReference; fileEncoding = 4; lastKnownFileType = file.xib; path = MainSettingTwoTableViewCell.xib; sourceTree = "<group>"; };
		042B642B1EAFE25C00B2E1A8 /* ImageSizeTableViewCell.swift */ = {isa = PBXFileReference; fileEncoding = 4; lastKnownFileType = sourcecode.swift; path = ImageSizeTableViewCell.swift; sourceTree = "<group>"; };
		042B642C1EAFE25C00B2E1A8 /* ImageSizeTableViewCell.xib */ = {isa = PBXFileReference; fileEncoding = 4; lastKnownFileType = file.xib; path = ImageSizeTableViewCell.xib; sourceTree = "<group>"; };
		042B642F1EAFE34A00B2E1A8 /* PowerControlTableViewCell.swift */ = {isa = PBXFileReference; fileEncoding = 4; lastKnownFileType = sourcecode.swift; path = PowerControlTableViewCell.swift; sourceTree = "<group>"; };
		042B64301EAFE34A00B2E1A8 /* PowerControlTableViewCell.xib */ = {isa = PBXFileReference; fileEncoding = 4; lastKnownFileType = file.xib; path = PowerControlTableViewCell.xib; sourceTree = "<group>"; };
		044BF5041EBA89510031E92B /* FailToConnectViewController.swift */ = {isa = PBXFileReference; fileEncoding = 4; lastKnownFileType = sourcecode.swift; path = FailToConnectViewController.swift; sourceTree = "<group>"; };
		044BF5061EBA8CCC0031E92B /* FailToScanViewController.swift */ = {isa = PBXFileReference; fileEncoding = 4; lastKnownFileType = sourcecode.swift; path = FailToScanViewController.swift; sourceTree = "<group>"; };
		0455AB151EAC95730087C14D /* senceViewController.swift */ = {isa = PBXFileReference; fileEncoding = 4; lastKnownFileType = sourcecode.swift; path = senceViewController.swift; sourceTree = "<group>"; };
		0455AB191EAC966A0087C14D /* senceTableViewCell.swift */ = {isa = PBXFileReference; fileEncoding = 4; lastKnownFileType = sourcecode.swift; path = senceTableViewCell.swift; sourceTree = "<group>"; };
		0455AB1A1EAC966A0087C14D /* senceTableViewCell.xib */ = {isa = PBXFileReference; fileEncoding = 4; lastKnownFileType = file.xib; path = senceTableViewCell.xib; sourceTree = "<group>"; };
		046C58191EAD26C800192290 /* flashLightViewController.swift */ = {isa = PBXFileReference; fileEncoding = 4; lastKnownFileType = sourcecode.swift; path = flashLightViewController.swift; sourceTree = "<group>"; };
		046C581B1EAD26F200192290 /* flashtLightTableViewCell.swift */ = {isa = PBXFileReference; fileEncoding = 4; lastKnownFileType = sourcecode.swift; path = flashtLightTableViewCell.swift; sourceTree = "<group>"; };
		046C581C1EAD26F200192290 /* flashtLightTableViewCell.xib */ = {isa = PBXFileReference; fileEncoding = 4; lastKnownFileType = file.xib; path = flashtLightTableViewCell.xib; sourceTree = "<group>"; };
		04823DF11EBB0F120024AE17 /* Bleprotoc.swift */ = {isa = PBXFileReference; fileEncoding = 4; lastKnownFileType = sourcecode.swift; path = Bleprotoc.swift; sourceTree = "<group>"; };
		0487AA331E8A3138009822EE /* BT_DV_iOS.app */ = {isa = PBXFileReference; explicitFileType = wrapper.application; includeInIndex = 0; path = BT_DV_iOS.app; sourceTree = BUILT_PRODUCTS_DIR; };
		0487AA361E8A3138009822EE /* AppDelegate.swift */ = {isa = PBXFileReference; lastKnownFileType = sourcecode.swift; path = AppDelegate.swift; sourceTree = "<group>"; };
		0487AA381E8A3138009822EE /* ViewController.swift */ = {isa = PBXFileReference; lastKnownFileType = sourcecode.swift; path = ViewController.swift; sourceTree = "<group>"; };
		0487AA3B1E8A3138009822EE /* Base */ = {isa = PBXFileReference; lastKnownFileType = file.storyboard; name = Base; path = Base.lproj/Main.storyboard; sourceTree = "<group>"; };
		0487AA3D1E8A3138009822EE /* Assets.xcassets */ = {isa = PBXFileReference; lastKnownFileType = folder.assetcatalog; path = Assets.xcassets; sourceTree = "<group>"; };
		0487AA401E8A3138009822EE /* Base */ = {isa = PBXFileReference; lastKnownFileType = file.storyboard; name = Base; path = Base.lproj/LaunchScreen.storyboard; sourceTree = "<group>"; };
		0487AA421E8A3138009822EE /* Info.plist */ = {isa = PBXFileReference; lastKnownFileType = text.plist.xml; path = Info.plist; sourceTree = "<group>"; };
		04C1E8671EB754DA00EE3299 /* GetBlueToothInfoViewController.swift */ = {isa = PBXFileReference; fileEncoding = 4; lastKnownFileType = sourcecode.swift; path = GetBlueToothInfoViewController.swift; sourceTree = "<group>"; };
		04D03CBC1EB03CC50040C5B0 /* SenceFromSettingViewController.swift */ = {isa = PBXFileReference; fileEncoding = 4; lastKnownFileType = sourcecode.swift; path = SenceFromSettingViewController.swift; sourceTree = "<group>"; };
		04D03CBE1EB04B770040C5B0 /* WhiteBalanceSettingViewController.swift */ = {isa = PBXFileReference; fileEncoding = 4; lastKnownFileType = sourcecode.swift; path = WhiteBalanceSettingViewController.swift; sourceTree = "<group>"; };
		04D03CC01EB0708F0040C5B0 /* ImageSizeViewController.swift */ = {isa = PBXFileReference; fileEncoding = 4; lastKnownFileType = sourcecode.swift; path = ImageSizeViewController.swift; sourceTree = "<group>"; };
		04D03CC21EB0712F0040C5B0 /* ImageSizeDetailTableViewCell.swift */ = {isa = PBXFileReference; fileEncoding = 4; lastKnownFileType = sourcecode.swift; path = ImageSizeDetailTableViewCell.swift; sourceTree = "<group>"; };
		04D03CC31EB0712F0040C5B0 /* ImageSizeDetailTableViewCell.xib */ = {isa = PBXFileReference; fileEncoding = 4; lastKnownFileType = file.xib; path = ImageSizeDetailTableViewCell.xib; sourceTree = "<group>"; };
		04D03CC61EB0789B0040C5B0 /* PowerControlViewController.swift */ = {isa = PBXFileReference; fileEncoding = 4; lastKnownFileType = sourcecode.swift; path = PowerControlViewController.swift; sourceTree = "<group>"; };
		469EB96BD249CBBCAFA38A1C /* Pods_BT_DV_iOS.framework */ = {isa = PBXFileReference; explicitFileType = wrapper.framework; includeInIndex = 0; path = Pods_BT_DV_iOS.framework; sourceTree = BUILT_PRODUCTS_DIR; };
		5479C8344E8C355AA76294FD /* Pods-BT_DV_iOS.debug.xcconfig */ = {isa = PBXFileReference; includeInIndex = 1; lastKnownFileType = text.xcconfig; name = "Pods-BT_DV_iOS.debug.xcconfig"; path = "Pods/Target Support Files/Pods-BT_DV_iOS/Pods-BT_DV_iOS.debug.xcconfig"; sourceTree = "<group>"; };
		6B15371E20302EB40016FC9F /* zh-Hant */ = {isa = PBXFileReference; lastKnownFileType = text.plist.strings; name = "zh-Hant"; path = "zh-Hant.lproj/Main.strings"; sourceTree = "<group>"; };
		6B153722203032140016FC9F /* zh-Hans */ = {isa = PBXFileReference; lastKnownFileType = text.plist.strings; name = "zh-Hans"; path = "zh-Hans.lproj/Main.strings"; sourceTree = "<group>"; };
		6B153723203032140016FC9F /* zh-Hans */ = {isa = PBXFileReference; lastKnownFileType = text.plist.strings; name = "zh-Hans"; path = "zh-Hans.lproj/LaunchScreen.strings"; sourceTree = "<group>"; };
		6B196C5B1EE691EA00FB1CAA /* BleListNameTableViewCell.swift */ = {isa = PBXFileReference; fileEncoding = 4; lastKnownFileType = sourcecode.swift; path = BleListNameTableViewCell.swift; sourceTree = "<group>"; };
		6B196C5C1EE691EA00FB1CAA /* BleListNameTableViewCell.xib */ = {isa = PBXFileReference; fileEncoding = 4; lastKnownFileType = file.xib; path = BleListNameTableViewCell.xib; sourceTree = "<group>"; };
		6B196C5F1EE69FDF00FB1CAA /* FA00000-V17.zip */ = {isa = PBXFileReference; lastKnownFileType = archive.zip; path = "FA00000-V17.zip"; sourceTree = "<group>"; };
		6B1CCF701ECAA5FD0067D4D3 /* updateFirmwareViewController.swift */ = {isa = PBXFileReference; fileEncoding = 4; lastKnownFileType = sourcecode.swift; path = updateFirmwareViewController.swift; sourceTree = "<group>"; };
		6B21AFC01EF2AD8200F1EF87 /* FA00000-V18.zip */ = {isa = PBXFileReference; lastKnownFileType = archive.zip; path = "FA00000-V18.zip"; sourceTree = "<group>"; };
		6B236B3E2042B882008673A6 /* en */ = {isa = PBXFileReference; lastKnownFileType = text.plist.strings; name = en; path = en.lproj/Main.strings; sourceTree = "<group>"; };
		6B236B3F2042B882008673A6 /* en */ = {isa = PBXFileReference; lastKnownFileType = text.plist.strings; name = en; path = en.lproj/LaunchScreen.strings; sourceTree = "<group>"; };
		6B2F66E61EC1F1ED003D775E /* CommProcess.h */ = {isa = PBXFileReference; fileEncoding = 4; lastKnownFileType = sourcecode.c.h; path = CommProcess.h; sourceTree = "<group>"; };
		6B2F66E71EC1F1ED003D775E /* CommProcess.m */ = {isa = PBXFileReference; fileEncoding = 4; lastKnownFileType = sourcecode.c.objc; path = CommProcess.m; sourceTree = "<group>"; };
		6B2F66E81EC1F1ED003D775E /* FuelProtocol.h */ = {isa = PBXFileReference; fileEncoding = 4; lastKnownFileType = sourcecode.c.h; path = FuelProtocol.h; sourceTree = "<group>"; };
		6B2F66E91EC1F1ED003D775E /* FuelProtocol.m */ = {isa = PBXFileReference; fileEncoding = 4; lastKnownFileType = sourcecode.c.objc; path = FuelProtocol.m; sourceTree = "<group>"; };
		6B2F66EA1EC1F1ED003D775E /* Function.h */ = {isa = PBXFileReference; fileEncoding = 4; lastKnownFileType = sourcecode.c.h; path = Function.h; sourceTree = "<group>"; };
		6B2F66EB1EC1F1ED003D775E /* Function.m */ = {isa = PBXFileReference; fileEncoding = 4; lastKnownFileType = sourcecode.c.objc; path = Function.m; sourceTree = "<group>"; };
		6B2F66EC1EC1F1ED003D775E /* MyBluetoothLE.m */ = {isa = PBXFileReference; fileEncoding = 4; lastKnownFileType = sourcecode.c.objc; path = MyBluetoothLE.m; sourceTree = "<group>"; };
		6B2F66F11EC1F209003D775E /* MyBluetoothLE.h */ = {isa = PBXFileReference; lastKnownFileType = sourcecode.c.h; path = MyBluetoothLE.h; sourceTree = "<group>"; };
		6B2F66F31EC1F55C003D775E /* UserValue.swift */ = {isa = PBXFileReference; fileEncoding = 4; lastKnownFileType = sourcecode.swift; path = UserValue.swift; sourceTree = "<group>"; };
		6B62AFF21ECAC9C2003D8D2B /* ImformationViewController.swift */ = {isa = PBXFileReference; fileEncoding = 4; lastKnownFileType = sourcecode.swift; path = ImformationViewController.swift; sourceTree = "<group>"; };
		6B62AFF41ECADEA0003D8D2B /* PrepareUpdateViewController.swift */ = {isa = PBXFileReference; fileEncoding = 4; lastKnownFileType = sourcecode.swift; path = PrepareUpdateViewController.swift; sourceTree = "<group>"; };
		6B62AFF61ECAEBC9003D8D2B /* DFUViewController.swift */ = {isa = PBXFileReference; fileEncoding = 4; lastKnownFileType = sourcecode.swift; path = DFUViewController.swift; sourceTree = "<group>"; };
		6B62AFF81ECAFA8C003D8D2B /* FA00000-V16A.zip */ = {isa = PBXFileReference; lastKnownFileType = archive.zip; path = "FA00000-V16A.zip"; sourceTree = "<group>"; };
		6B62AFFA1ECB37A6003D8D2B /* UpdateSuccessViewController.swift */ = {isa = PBXFileReference; fileEncoding = 4; lastKnownFileType = sourcecode.swift; path = UpdateSuccessViewController.swift; sourceTree = "<group>"; };
		6B62AFFC1ECB37BA003D8D2B /* UpdateFailViewController.swift */ = {isa = PBXFileReference; fileEncoding = 4; lastKnownFileType = sourcecode.swift; path = UpdateFailViewController.swift; sourceTree = "<group>"; };
		6B62AFFE1ECBFBBB003D8D2B /* GalleryViewController.swift */ = {isa = PBXFileReference; fileEncoding = 4; lastKnownFileType = sourcecode.swift; path = GalleryViewController.swift; sourceTree = "<group>"; };
		6B8124F41EC59A4300A55421 /* BLEObject.swift */ = {isa = PBXFileReference; fileEncoding = 4; lastKnownFileType = sourcecode.swift; path = BLEObject.swift; sourceTree = "<group>"; };
		6B942F51200F962000982E78 /* GuideViewController.swift */ = {isa = PBXFileReference; lastKnownFileType = sourcecode.swift; path = GuideViewController.swift; sourceTree = "<group>"; };
		6B942F53200F972200982E78 /* GuideCollectionViewCell.swift */ = {isa = PBXFileReference; lastKnownFileType = sourcecode.swift; path = GuideCollectionViewCell.swift; sourceTree = "<group>"; };
		6B942F54200F972200982E78 /* GuideCollectionViewCell.xib */ = {isa = PBXFileReference; lastKnownFileType = file.xib; path = GuideCollectionViewCell.xib; sourceTree = "<group>"; };
		6B942F57200F9C0600982E78 /* iOSDevCenters+GIF.swift */ = {isa = PBXFileReference; fileEncoding = 4; lastKnownFileType = sourcecode.swift; path = "iOSDevCenters+GIF.swift"; sourceTree = "<group>"; };
		6B942F59200F9D2100982E78 /* img_guide_horizontal_01.gif */ = {isa = PBXFileReference; lastKnownFileType = image.gif; path = img_guide_horizontal_01.gif; sourceTree = "<group>"; };
		6B942F5A200F9D2200982E78 /* img_guide_01.gif */ = {isa = PBXFileReference; lastKnownFileType = image.gif; path = img_guide_01.gif; sourceTree = "<group>"; };
		6B942F5B200F9D2300982E78 /* img_guide_02.gif */ = {isa = PBXFileReference; lastKnownFileType = image.gif; path = img_guide_02.gif; sourceTree = "<group>"; };
		6B942F5C200F9D2300982E78 /* img_guide_horizontal_02.gif */ = {isa = PBXFileReference; lastKnownFileType = image.gif; path = img_guide_horizontal_02.gif; sourceTree = "<group>"; };
		6BD8901C2042BBE4009242FD /* zh-Hant */ = {isa = PBXFileReference; lastKnownFileType = text.plist.strings; name = "zh-Hant"; path = "zh-Hant.lproj/Localizable.strings"; sourceTree = "<group>"; };
		6BD8901E2042BBEB009242FD /* en */ = {isa = PBXFileReference; lastKnownFileType = text.plist.strings; name = en; path = en.lproj/Localizable.strings; sourceTree = "<group>"; };
		6BD8901F2042BBEC009242FD /* zh-Hans */ = {isa = PBXFileReference; lastKnownFileType = text.plist.strings; name = "zh-Hans"; path = "zh-Hans.lproj/Localizable.strings"; sourceTree = "<group>"; };
		A8A0524EA998A4BAE97D4A0B /* Pods-BT_DV_iOS.release.xcconfig */ = {isa = PBXFileReference; includeInIndex = 1; lastKnownFileType = text.xcconfig; name = "Pods-BT_DV_iOS.release.xcconfig"; path = "Pods/Target Support Files/Pods-BT_DV_iOS/Pods-BT_DV_iOS.release.xcconfig"; sourceTree = "<group>"; };
/* End PBXFileReference section */

/* Begin PBXFrameworksBuildPhase section */
		0487AA301E8A3138009822EE /* Frameworks */ = {
			isa = PBXFrameworksBuildPhase;
			buildActionMask = 2147483647;
			files = (
				C794DE56F095DD32F77F11B9 /* Pods_BT_DV_iOS.framework in Frameworks */,
			);
			runOnlyForDeploymentPostprocessing = 0;
		};
/* End PBXFrameworksBuildPhase section */

/* Begin PBXGroup section */
		04249ACA1EB08A0E0051454B /* xib */ = {
			isa = PBXGroup;
			children = (
				046C581B1EAD26F200192290 /* flashtLightTableViewCell.swift */,
				042B64231EAFD1F000B2E1A8 /* MainSettingTableViewCell.swift */,
				042B642F1EAFE34A00B2E1A8 /* PowerControlTableViewCell.swift */,
				04D03CC21EB0712F0040C5B0 /* ImageSizeDetailTableViewCell.swift */,
				046C581C1EAD26F200192290 /* flashtLightTableViewCell.xib */,
				04D03CC31EB0712F0040C5B0 /* ImageSizeDetailTableViewCell.xib */,
				042B642B1EAFE25C00B2E1A8 /* ImageSizeTableViewCell.swift */,
				042B642C1EAFE25C00B2E1A8 /* ImageSizeTableViewCell.xib */,
				042B64271EAFD2CD00B2E1A8 /* MainSettingTwoTableViewCell.swift */,
				042B64241EAFD1F000B2E1A8 /* MainSettingTableViewCell.xib */,
				042B64281EAFD2CD00B2E1A8 /* MainSettingTwoTableViewCell.xib */,
				042B64301EAFE34A00B2E1A8 /* PowerControlTableViewCell.xib */,
				0455AB191EAC966A0087C14D /* senceTableViewCell.swift */,
				0455AB1A1EAC966A0087C14D /* senceTableViewCell.xib */,
				04276A631EB8827800F224B7 /* BLEListTableViewCell.swift */,
				04276A641EB8827800F224B7 /* BLEListTableViewCell.xib */,
				6B196C5B1EE691EA00FB1CAA /* BleListNameTableViewCell.swift */,
				6B196C5C1EE691EA00FB1CAA /* BleListNameTableViewCell.xib */,
				6B942F53200F972200982E78 /* GuideCollectionViewCell.swift */,
				6B942F54200F972200982E78 /* GuideCollectionViewCell.xib */,
			);
			name = xib;
			sourceTree = "<group>";
		};
		0487AA2A1E8A3137009822EE = {
			isa = PBXGroup;
			children = (
				0487AA351E8A3138009822EE /* BT_DV_iOS */,
				0487AA341E8A3138009822EE /* Products */,
				7643DD5D239EC05D6D341E05 /* Pods */,
				E3205B415A678D023C1EF465 /* Frameworks */,
			);
			sourceTree = "<group>";
		};
		0487AA341E8A3138009822EE /* Products */ = {
			isa = PBXGroup;
			children = (
				0487AA331E8A3138009822EE /* BT_DV_iOS.app */,
			);
			name = Products;
			sourceTree = "<group>";
		};
		0487AA351E8A3138009822EE /* BT_DV_iOS */ = {
			isa = PBXGroup;
			children = (
				0487AA3A1E8A3138009822EE /* Main.storyboard */,
				0487AA3F1E8A3138009822EE /* LaunchScreen.storyboard */,
				0487AA361E8A3138009822EE /* AppDelegate.swift */,
				6B942F57200F9C0600982E78 /* iOSDevCenters+GIF.swift */,
				6B942F51200F962000982E78 /* GuideViewController.swift */,
				6B942F5A200F9D2200982E78 /* img_guide_01.gif */,
				6B942F5B200F9D2300982E78 /* img_guide_02.gif */,
				6B942F59200F9D2100982E78 /* img_guide_horizontal_01.gif */,
				6B942F5C200F9D2300982E78 /* img_guide_horizontal_02.gif */,
				04249ACA1EB08A0E0051454B /* xib */,
				6B2F66F21EC1F52A003D775E /* BLE OBJc */,
				0487AA421E8A3138009822EE /* Info.plist */,
				6B2F66F31EC1F55C003D775E /* UserValue.swift */,
				0487AA381E8A3138009822EE /* ViewController.swift */,
				6BD8901D2042BBE4009242FD /* Localizable.strings */,
				6B2F66F51EC1FC40003D775E /* CameraController */,
				6B8124F31EC58F0900A55421 /* BLE Controller */,
				6B1CCF721ECAA6060067D4D3 /* Update */,
				0487AA3D1E8A3138009822EE /* Assets.xcassets */,
			);
			path = BT_DV_iOS;
			sourceTree = "<group>";
		};
		6B1CCF721ECAA6060067D4D3 /* Update */ = {
			isa = PBXGroup;
			children = (
				6B62AFF21ECAC9C2003D8D2B /* ImformationViewController.swift */,
				6B1CCF701ECAA5FD0067D4D3 /* updateFirmwareViewController.swift */,
				6B62AFF41ECADEA0003D8D2B /* PrepareUpdateViewController.swift */,
				6B62AFF61ECAEBC9003D8D2B /* DFUViewController.swift */,
				6B196C5F1EE69FDF00FB1CAA /* FA00000-V17.zip */,
				6B62AFF81ECAFA8C003D8D2B /* FA00000-V16A.zip */,
				6B21AFC01EF2AD8200F1EF87 /* FA00000-V18.zip */,
				6B62AFFA1ECB37A6003D8D2B /* UpdateSuccessViewController.swift */,
				6B62AFFC1ECB37BA003D8D2B /* UpdateFailViewController.swift */,
			);
			name = Update;
			sourceTree = "<group>";
		};
		6B2F66F21EC1F52A003D775E /* BLE OBJc */ = {
			isa = PBXGroup;
			children = (
				6B2F66F11EC1F209003D775E /* MyBluetoothLE.h */,
				042B63F01EAD9D7700B2E1A8 /* BT_DV_iOS-Bridging-Header.h */,
				6B2F66E61EC1F1ED003D775E /* CommProcess.h */,
				6B2F66E71EC1F1ED003D775E /* CommProcess.m */,
				6B2F66E81EC1F1ED003D775E /* FuelProtocol.h */,
				6B2F66E91EC1F1ED003D775E /* FuelProtocol.m */,
				6B2F66EA1EC1F1ED003D775E /* Function.h */,
				6B2F66EB1EC1F1ED003D775E /* Function.m */,
				6B2F66EC1EC1F1ED003D775E /* MyBluetoothLE.m */,
			);
			name = "BLE OBJc";
			sourceTree = "<group>";
		};
		6B2F66F51EC1FC40003D775E /* CameraController */ = {
			isa = PBXGroup;
			children = (
				6B62AFFE1ECBFBBB003D8D2B /* GalleryViewController.swift */,
				046C58191EAD26C800192290 /* flashLightViewController.swift */,
				0455AB151EAC95730087C14D /* senceViewController.swift */,
				042B641D1EAF3FF000B2E1A8 /* settingViewController.swift */,
				04D03CC01EB0708F0040C5B0 /* ImageSizeViewController.swift */,
				04D03CC61EB0789B0040C5B0 /* PowerControlViewController.swift */,
				04D03CBC1EB03CC50040C5B0 /* SenceFromSettingViewController.swift */,
				04D03CBE1EB04B770040C5B0 /* WhiteBalanceSettingViewController.swift */,
				04249AC81EB080010051454B /* SetEVViewController.swift */,
			);
			name = CameraController;
			sourceTree = "<group>";
		};
		6B8124F31EC58F0900A55421 /* BLE Controller */ = {
			isa = PBXGroup;
			children = (
				6B8124F41EC59A4300A55421 /* BLEObject.swift */,
				04823DF11EBB0F120024AE17 /* Bleprotoc.swift */,
				04249ACB1EB08A9A0051454B /* StartScanBLEViewController.swift */,
				04C1E8671EB754DA00EE3299 /* GetBlueToothInfoViewController.swift */,
				044BF5061EBA8CCC0031E92B /* FailToScanViewController.swift */,
				04276A671EB904C900F224B7 /* BLEConnectViewController.swift */,
				04276A6B1EB979AF00F224B7 /* PowerGripStatusViewController.swift */,
				044BF5041EBA89510031E92B /* FailToConnectViewController.swift */,
				04276A691EB91B1A00F224B7 /* CBlueClass.swift */,
			);
			name = "BLE Controller";
			sourceTree = "<group>";
		};
		7643DD5D239EC05D6D341E05 /* Pods */ = {
			isa = PBXGroup;
			children = (
				5479C8344E8C355AA76294FD /* Pods-BT_DV_iOS.debug.xcconfig */,
				A8A0524EA998A4BAE97D4A0B /* Pods-BT_DV_iOS.release.xcconfig */,
			);
			name = Pods;
			sourceTree = "<group>";
		};
		E3205B415A678D023C1EF465 /* Frameworks */ = {
			isa = PBXGroup;
			children = (
				469EB96BD249CBBCAFA38A1C /* Pods_BT_DV_iOS.framework */,
			);
			name = Frameworks;
			sourceTree = "<group>";
		};
/* End PBXGroup section */

/* Begin PBXNativeTarget section */
		0487AA321E8A3138009822EE /* BT_DV_iOS */ = {
			isa = PBXNativeTarget;
			buildConfigurationList = 0487AA451E8A3138009822EE /* Build configuration list for PBXNativeTarget "BT_DV_iOS" */;
			buildPhases = (
				FCAFC3B175581521E6C0A03C /* [CP] Check Pods Manifest.lock */,
				0487AA2F1E8A3138009822EE /* Sources */,
				0487AA301E8A3138009822EE /* Frameworks */,
				0487AA311E8A3138009822EE /* Resources */,
				FD42D048973B5E21BBFAA693 /* [CP] Embed Pods Frameworks */,
				CBA3820FB18C6FACDDC8B48A /* [CP] Copy Pods Resources */,
			);
			buildRules = (
			);
			dependencies = (
			);
			name = BT_DV_iOS;
			productName = BT_DV_iOS;
			productReference = 0487AA331E8A3138009822EE /* BT_DV_iOS.app */;
			productType = "com.apple.product-type.application";
		};
/* End PBXNativeTarget section */

/* Begin PBXProject section */
		0487AA2B1E8A3138009822EE /* Project object */ = {
			isa = PBXProject;
			attributes = {
				LastSwiftUpdateCheck = 0820;
				LastUpgradeCheck = 0820;
				ORGANIZATIONNAME = VictorBasic;
				TargetAttributes = {
					0487AA321E8A3138009822EE = {
						CreatedOnToolsVersion = 8.2.1;
						DevelopmentTeam = PV5CKP8TYE;
						LastSwiftMigration = 0830;
						ProvisioningStyle = Automatic;
					};
				};
			};
			buildConfigurationList = 0487AA2E1E8A3138009822EE /* Build configuration list for PBXProject "BT_DV_iOS" */;
			compatibilityVersion = "Xcode 3.2";
			developmentRegion = "zh-Hant";
			hasScannedForEncodings = 0;
			knownRegions = (
				Base,
				"zh-Hans",
				en,
			);
			mainGroup = 0487AA2A1E8A3137009822EE;
			productRefGroup = 0487AA341E8A3138009822EE /* Products */;
			projectDirPath = "";
			projectRoot = "";
			targets = (
				0487AA321E8A3138009822EE /* BT_DV_iOS */,
			);
		};
/* End PBXProject section */

/* Begin PBXResourcesBuildPhase section */
		0487AA311E8A3138009822EE /* Resources */ = {
			isa = PBXResourcesBuildPhase;
			buildActionMask = 2147483647;
			files = (
				0487AA411E8A3138009822EE /* LaunchScreen.storyboard in Resources */,
				6B942F56200F972200982E78 /* GuideCollectionViewCell.xib in Resources */,
				6B942F5F200F9D2400982E78 /* img_guide_02.gif in Resources */,
				6B942F60200F9D2400982E78 /* img_guide_horizontal_02.gif in Resources */,
				042B64321EAFE34A00B2E1A8 /* PowerControlTableViewCell.xib in Resources */,
				04D03CC51EB0712F0040C5B0 /* ImageSizeDetailTableViewCell.xib in Resources */,
				6B62AFF91ECAFA8C003D8D2B /* FA00000-V16A.zip in Resources */,
				6B196C5E1EE691EA00FB1CAA /* BleListNameTableViewCell.xib in Resources */,
				042B64261EAFD1F100B2E1A8 /* MainSettingTableViewCell.xib in Resources */,
				6B196C601EE69FDF00FB1CAA /* FA00000-V17.zip in Resources */,
				6BD8901B2042BBE4009242FD /* Localizable.strings in Resources */,
				0487AA3E1E8A3138009822EE /* Assets.xcassets in Resources */,
				6B942F5D200F9D2400982E78 /* img_guide_horizontal_01.gif in Resources */,
				042B642A1EAFD2CD00B2E1A8 /* MainSettingTwoTableViewCell.xib in Resources */,
				6B21AFC11EF2AD8200F1EF87 /* FA00000-V18.zip in Resources */,
				6B942F5E200F9D2400982E78 /* img_guide_01.gif in Resources */,
				042B642E1EAFE25C00B2E1A8 /* ImageSizeTableViewCell.xib in Resources */,
				04276A661EB8827900F224B7 /* BLEListTableViewCell.xib in Resources */,
				0487AA3C1E8A3138009822EE /* Main.storyboard in Resources */,
				0455AB1C1EAC966A0087C14D /* senceTableViewCell.xib in Resources */,
				046C581E1EAD26F200192290 /* flashtLightTableViewCell.xib in Resources */,
			);
			runOnlyForDeploymentPostprocessing = 0;
		};
/* End PBXResourcesBuildPhase section */

/* Begin PBXShellScriptBuildPhase section */
		CBA3820FB18C6FACDDC8B48A /* [CP] Copy Pods Resources */ = {
			isa = PBXShellScriptBuildPhase;
			buildActionMask = 2147483647;
			files = (
			);
			inputPaths = (
			);
			name = "[CP] Copy Pods Resources";
			outputPaths = (
			);
			runOnlyForDeploymentPostprocessing = 0;
			shellPath = /bin/sh;
			shellScript = "\"${SRCROOT}/Pods/Target Support Files/Pods-BT_DV_iOS/Pods-BT_DV_iOS-resources.sh\"\n";
			showEnvVarsInLog = 0;
		};
		FCAFC3B175581521E6C0A03C /* [CP] Check Pods Manifest.lock */ = {
			isa = PBXShellScriptBuildPhase;
			buildActionMask = 2147483647;
			files = (
			);
			inputPaths = (
			);
			name = "[CP] Check Pods Manifest.lock";
			outputPaths = (
			);
			runOnlyForDeploymentPostprocessing = 0;
			shellPath = /bin/sh;
			shellScript = "diff \"${PODS_ROOT}/../Podfile.lock\" \"${PODS_ROOT}/Manifest.lock\" > /dev/null\nif [ $? != 0 ] ; then\n    # print error to STDERR\n    echo \"error: The sandbox is not in sync with the Podfile.lock. Run 'pod install' or update your CocoaPods installation.\" >&2\n    exit 1\nfi\n";
			showEnvVarsInLog = 0;
		};
		FD42D048973B5E21BBFAA693 /* [CP] Embed Pods Frameworks */ = {
			isa = PBXShellScriptBuildPhase;
			buildActionMask = 2147483647;
			files = (
			);
			inputPaths = (
			);
			name = "[CP] Embed Pods Frameworks";
			outputPaths = (
			);
			runOnlyForDeploymentPostprocessing = 0;
			shellPath = /bin/sh;
			shellScript = "\"${SRCROOT}/Pods/Target Support Files/Pods-BT_DV_iOS/Pods-BT_DV_iOS-frameworks.sh\"\n";
			showEnvVarsInLog = 0;
		};
/* End PBXShellScriptBuildPhase section */

/* Begin PBXSourcesBuildPhase section */
		0487AA2F1E8A3138009822EE /* Sources */ = {
			isa = PBXSourcesBuildPhase;
			buildActionMask = 2147483647;
			files = (
				04D03CBF1EB04B770040C5B0 /* WhiteBalanceSettingViewController.swift in Sources */,
				04249AC91EB080010051454B /* SetEVViewController.swift in Sources */,
				046C581A1EAD26C800192290 /* flashLightViewController.swift in Sources */,
				6B62AFFD1ECB37BA003D8D2B /* UpdateFailViewController.swift in Sources */,
				0455AB1B1EAC966A0087C14D /* senceTableViewCell.swift in Sources */,
				6B62AFF71ECAEBC9003D8D2B /* DFUViewController.swift in Sources */,
				04249ACC1EB08A9A0051454B /* StartScanBLEViewController.swift in Sources */,
				6B2F66F01EC1F1ED003D775E /* MyBluetoothLE.m in Sources */,
				04276A681EB904C900F224B7 /* BLEConnectViewController.swift in Sources */,
				046C581D1EAD26F200192290 /* flashtLightTableViewCell.swift in Sources */,
				6B2F66EE1EC1F1ED003D775E /* FuelProtocol.m in Sources */,
				04276A651EB8827900F224B7 /* BLEListTableViewCell.swift in Sources */,
				0487AA391E8A3138009822EE /* ViewController.swift in Sources */,
				6B942F55200F972200982E78 /* GuideCollectionViewCell.swift in Sources */,
				0455AB171EAC95730087C14D /* senceViewController.swift in Sources */,
				6B62AFFB1ECB37A6003D8D2B /* UpdateSuccessViewController.swift in Sources */,
				042B64311EAFE34A00B2E1A8 /* PowerControlTableViewCell.swift in Sources */,
				04276A6C1EB979AF00F224B7 /* PowerGripStatusViewController.swift in Sources */,
				042B641E1EAF3FF000B2E1A8 /* settingViewController.swift in Sources */,
				6B62AFFF1ECBFBBB003D8D2B /* GalleryViewController.swift in Sources */,
				042B64251EAFD1F100B2E1A8 /* MainSettingTableViewCell.swift in Sources */,
				6B62AFF51ECADEA0003D8D2B /* PrepareUpdateViewController.swift in Sources */,
				04D03CC41EB0712F0040C5B0 /* ImageSizeDetailTableViewCell.swift in Sources */,
				04823DF21EBB0F120024AE17 /* Bleprotoc.swift in Sources */,
				6B62AFF31ECAC9C2003D8D2B /* ImformationViewController.swift in Sources */,
				044BF5051EBA89510031E92B /* FailToConnectViewController.swift in Sources */,
				042B642D1EAFE25C00B2E1A8 /* ImageSizeTableViewCell.swift in Sources */,
				6B8124F51EC59A4300A55421 /* BLEObject.swift in Sources */,
				042B64291EAFD2CD00B2E1A8 /* MainSettingTwoTableViewCell.swift in Sources */,
				6B196C5D1EE691EA00FB1CAA /* BleListNameTableViewCell.swift in Sources */,
				0487AA371E8A3138009822EE /* AppDelegate.swift in Sources */,
				04276A6A1EB91B1A00F224B7 /* CBlueClass.swift in Sources */,
				6B2F66ED1EC1F1ED003D775E /* CommProcess.m in Sources */,
				044BF5071EBA8CCC0031E92B /* FailToScanViewController.swift in Sources */,
				6B942F52200F962000982E78 /* GuideViewController.swift in Sources */,
				6B2F66EF1EC1F1ED003D775E /* Function.m in Sources */,
				04D03CC71EB0789B0040C5B0 /* PowerControlViewController.swift in Sources */,
				6B942F58200F9C0600982E78 /* iOSDevCenters+GIF.swift in Sources */,
				6B1CCF711ECAA5FD0067D4D3 /* updateFirmwareViewController.swift in Sources */,
				04C1E8681EB754DA00EE3299 /* GetBlueToothInfoViewController.swift in Sources */,
				6B2F66F41EC1F55C003D775E /* UserValue.swift in Sources */,
				04D03CBD1EB03CC50040C5B0 /* SenceFromSettingViewController.swift in Sources */,
				04D03CC11EB0708F0040C5B0 /* ImageSizeViewController.swift in Sources */,
			);
			runOnlyForDeploymentPostprocessing = 0;
		};
/* End PBXSourcesBuildPhase section */

/* Begin PBXVariantGroup section */
		0487AA3A1E8A3138009822EE /* Main.storyboard */ = {
			isa = PBXVariantGroup;
			children = (
				0487AA3B1E8A3138009822EE /* Base */,
				6B15371E20302EB40016FC9F /* zh-Hant */,
				6B153722203032140016FC9F /* zh-Hans */,
				6B236B3E2042B882008673A6 /* en */,
			);
			name = Main.storyboard;
			sourceTree = "<group>";
		};
		0487AA3F1E8A3138009822EE /* LaunchScreen.storyboard */ = {
			isa = PBXVariantGroup;
			children = (
				0487AA401E8A3138009822EE /* Base */,
				6B153723203032140016FC9F /* zh-Hans */,
				6B236B3F2042B882008673A6 /* en */,
			);
			name = LaunchScreen.storyboard;
			sourceTree = "<group>";
		};
		6BD8901D2042BBE4009242FD /* Localizable.strings */ = {
			isa = PBXVariantGroup;
			children = (
				6BD8901C2042BBE4009242FD /* zh-Hant */,
				6BD8901E2042BBEB009242FD /* en */,
				6BD8901F2042BBEC009242FD /* zh-Hans */,
			);
			name = Localizable.strings;
			sourceTree = "<group>";
		};
/* End PBXVariantGroup section */

/* Begin XCBuildConfiguration section */
		0487AA431E8A3138009822EE /* Debug */ = {
			isa = XCBuildConfiguration;
			buildSettings = {
				ALWAYS_SEARCH_USER_PATHS = NO;
				CLANG_ANALYZER_LOCALIZABILITY_NONLOCALIZED = YES;
				CLANG_ANALYZER_NONNULL = YES;
				CLANG_CXX_LANGUAGE_STANDARD = "gnu++0x";
				CLANG_CXX_LIBRARY = "libc++";
				CLANG_ENABLE_MODULES = YES;
				CLANG_ENABLE_OBJC_ARC = YES;
				CLANG_WARN_BOOL_CONVERSION = YES;
				CLANG_WARN_CONSTANT_CONVERSION = YES;
				CLANG_WARN_DIRECT_OBJC_ISA_USAGE = YES_ERROR;
				CLANG_WARN_DOCUMENTATION_COMMENTS = YES;
				CLANG_WARN_EMPTY_BODY = YES;
				CLANG_WARN_ENUM_CONVERSION = YES;
				CLANG_WARN_INFINITE_RECURSION = YES;
				CLANG_WARN_INT_CONVERSION = YES;
				CLANG_WARN_OBJC_ROOT_CLASS = YES_ERROR;
				CLANG_WARN_SUSPICIOUS_MOVE = YES;
				CLANG_WARN_UNREACHABLE_CODE = YES;
				CLANG_WARN__DUPLICATE_METHOD_MATCH = YES;
				"CODE_SIGN_IDENTITY[sdk=iphoneos*]" = "iPhone Developer";
				COPY_PHASE_STRIP = NO;
				DEBUG_INFORMATION_FORMAT = dwarf;
				ENABLE_STRICT_OBJC_MSGSEND = YES;
				ENABLE_TESTABILITY = YES;
				GCC_C_LANGUAGE_STANDARD = gnu99;
				GCC_DYNAMIC_NO_PIC = NO;
				GCC_NO_COMMON_BLOCKS = YES;
				GCC_OPTIMIZATION_LEVEL = 0;
				GCC_PREPROCESSOR_DEFINITIONS = (
					"DEBUG=1",
					"$(inherited)",
				);
				GCC_WARN_64_TO_32_BIT_CONVERSION = YES;
				GCC_WARN_ABOUT_RETURN_TYPE = YES_ERROR;
				GCC_WARN_UNDECLARED_SELECTOR = YES;
				GCC_WARN_UNINITIALIZED_AUTOS = YES_AGGRESSIVE;
				GCC_WARN_UNUSED_FUNCTION = YES;
				GCC_WARN_UNUSED_VARIABLE = YES;
				IPHONEOS_DEPLOYMENT_TARGET = 10.2;
				MTL_ENABLE_DEBUG_INFO = YES;
				ONLY_ACTIVE_ARCH = YES;
				SDKROOT = iphoneos;
				SWIFT_ACTIVE_COMPILATION_CONDITIONS = DEBUG;
				SWIFT_OPTIMIZATION_LEVEL = "-Onone";
				TARGETED_DEVICE_FAMILY = "1,2";
			};
			name = Debug;
		};
		0487AA441E8A3138009822EE /* Release */ = {
			isa = XCBuildConfiguration;
			buildSettings = {
				ALWAYS_SEARCH_USER_PATHS = NO;
				CLANG_ANALYZER_LOCALIZABILITY_NONLOCALIZED = YES;
				CLANG_ANALYZER_NONNULL = YES;
				CLANG_CXX_LANGUAGE_STANDARD = "gnu++0x";
				CLANG_CXX_LIBRARY = "libc++";
				CLANG_ENABLE_MODULES = YES;
				CLANG_ENABLE_OBJC_ARC = YES;
				CLANG_WARN_BOOL_CONVERSION = YES;
				CLANG_WARN_CONSTANT_CONVERSION = YES;
				CLANG_WARN_DIRECT_OBJC_ISA_USAGE = YES_ERROR;
				CLANG_WARN_DOCUMENTATION_COMMENTS = YES;
				CLANG_WARN_EMPTY_BODY = YES;
				CLANG_WARN_ENUM_CONVERSION = YES;
				CLANG_WARN_INFINITE_RECURSION = YES;
				CLANG_WARN_INT_CONVERSION = YES;
				CLANG_WARN_OBJC_ROOT_CLASS = YES_ERROR;
				CLANG_WARN_SUSPICIOUS_MOVE = YES;
				CLANG_WARN_UNREACHABLE_CODE = YES;
				CLANG_WARN__DUPLICATE_METHOD_MATCH = YES;
				"CODE_SIGN_IDENTITY[sdk=iphoneos*]" = "iPhone Developer";
				COPY_PHASE_STRIP = NO;
				DEBUG_INFORMATION_FORMAT = "dwarf-with-dsym";
				ENABLE_NS_ASSERTIONS = NO;
				ENABLE_STRICT_OBJC_MSGSEND = YES;
				GCC_C_LANGUAGE_STANDARD = gnu99;
				GCC_NO_COMMON_BLOCKS = YES;
				GCC_WARN_64_TO_32_BIT_CONVERSION = YES;
				GCC_WARN_ABOUT_RETURN_TYPE = YES_ERROR;
				GCC_WARN_UNDECLARED_SELECTOR = YES;
				GCC_WARN_UNINITIALIZED_AUTOS = YES_AGGRESSIVE;
				GCC_WARN_UNUSED_FUNCTION = YES;
				GCC_WARN_UNUSED_VARIABLE = YES;
				IPHONEOS_DEPLOYMENT_TARGET = 10.2;
				MTL_ENABLE_DEBUG_INFO = NO;
				SDKROOT = iphoneos;
				SWIFT_OPTIMIZATION_LEVEL = "-Owholemodule";
				TARGETED_DEVICE_FAMILY = "1,2";
				VALIDATE_PRODUCT = YES;
			};
			name = Release;
		};
		0487AA461E8A3138009822EE /* Debug */ = {
			isa = XCBuildConfiguration;
			baseConfigurationReference = 5479C8344E8C355AA76294FD /* Pods-BT_DV_iOS.debug.xcconfig */;
			buildSettings = {
				ASSETCATALOG_COMPILER_APPICON_NAME = AppIcon;
				CLANG_ENABLE_MODULES = YES;
				"CODE_SIGN_IDENTITY[sdk=iphoneos*]" = "iPhone Developer";
				DEVELOPMENT_TEAM = PV5CKP8TYE;
				INFOPLIST_FILE = BT_DV_iOS/Info.plist;
				IPHONEOS_DEPLOYMENT_TARGET = 9.0;
				LD_RUNPATH_SEARCH_PATHS = "$(inherited) @executable_path/Frameworks";
				PRODUCT_BUNDLE_IDENTIFIER = "com.Victor.BT-DV-iOS";
				PRODUCT_NAME = "$(TARGET_NAME)";
				PROVISIONING_PROFILE_SPECIFIER = "";
				SWIFT_OBJC_BRIDGING_HEADER = "BT_DV_iOS/BT_DV_iOS-Bridging-Header.h";
				SWIFT_OPTIMIZATION_LEVEL = "-Onone";
				SWIFT_VERSION = 3.0;
			};
			name = Debug;
		};
		0487AA471E8A3138009822EE /* Release */ = {
			isa = XCBuildConfiguration;
			baseConfigurationReference = A8A0524EA998A4BAE97D4A0B /* Pods-BT_DV_iOS.release.xcconfig */;
			buildSettings = {
				ASSETCATALOG_COMPILER_APPICON_NAME = AppIcon;
				CLANG_ENABLE_MODULES = YES;
				"CODE_SIGN_IDENTITY[sdk=iphoneos*]" = "iPhone Developer";
				DEVELOPMENT_TEAM = PV5CKP8TYE;
				INFOPLIST_FILE = BT_DV_iOS/Info.plist;
				IPHONEOS_DEPLOYMENT_TARGET = 9.0;
				LD_RUNPATH_SEARCH_PATHS = "$(inherited) @executable_path/Frameworks";
				PRODUCT_BUNDLE_IDENTIFIER = "com.Victor.BT-DV-iOS";
				PRODUCT_NAME = "$(TARGET_NAME)";
				PROVISIONING_PROFILE_SPECIFIER = "";
				SWIFT_OBJC_BRIDGING_HEADER = "BT_DV_iOS/BT_DV_iOS-Bridging-Header.h";
				SWIFT_VERSION = 3.0;
			};
			name = Release;
		};
/* End XCBuildConfiguration section */

/* Begin XCConfigurationList section */
		0487AA2E1E8A3138009822EE /* Build configuration list for PBXProject "BT_DV_iOS" */ = {
			isa = XCConfigurationList;
			buildConfigurations = (
				0487AA431E8A3138009822EE /* Debug */,
				0487AA441E8A3138009822EE /* Release */,
			);
			defaultConfigurationIsVisible = 0;
			defaultConfigurationName = Release;
		};
		0487AA451E8A3138009822EE /* Build configuration list for PBXNativeTarget "BT_DV_iOS" */ = {
			isa = XCConfigurationList;
			buildConfigurations = (
				0487AA461E8A3138009822EE /* Debug */,
				0487AA471E8A3138009822EE /* Release */,
			);
			defaultConfigurationIsVisible = 0;
			defaultConfigurationName = Release;
		};
/* End XCConfigurationList section */
	};
	rootObject = 0487AA2B1E8A3138009822EE /* Project object */;
}
